// !$*UTF8*$!
{
	archiveVersion = 1;
	classes = {
	};
	objectVersion = 50;
	objects = {

/* Begin PBXBuildFile section */
		3215E17422EF58920025D232 /* AppDelegate.swift in Sources */ = {isa = PBXBuildFile; fileRef = 3215E17322EF58920025D232 /* AppDelegate.swift */; };
		3215E17C22EF58920025D232 /* EasyLearn.xcdatamodeld in Sources */ = {isa = PBXBuildFile; fileRef = 3215E17A22EF58920025D232 /* EasyLearn.xcdatamodeld */; };
		3215E17E22EF58940025D232 /* Assets.xcassets in Resources */ = {isa = PBXBuildFile; fileRef = 3215E17D22EF58940025D232 /* Assets.xcassets */; };
		3215E18122EF58940025D232 /* LaunchScreen.storyboard in Resources */ = {isa = PBXBuildFile; fileRef = 3215E17F22EF58940025D232 /* LaunchScreen.storyboard */; };
		3215E18E22EF5FA10025D232 /* MenuViewController.swift in Sources */ = {isa = PBXBuildFile; fileRef = 3215E18C22EF5FA10025D232 /* MenuViewController.swift */; };
		3215E18F22EF5FA10025D232 /* MenuViewController.xib in Resources */ = {isa = PBXBuildFile; fileRef = 3215E18D22EF5FA10025D232 /* MenuViewController.xib */; };
		3215E19322EF6F8E0025D232 /* MenuViewController+Extension.swift in Sources */ = {isa = PBXBuildFile; fileRef = 3215E19222EF6F8E0025D232 /* MenuViewController+Extension.swift */; };
		3215E19622EF740E0025D232 /* MenuViewModel.swift in Sources */ = {isa = PBXBuildFile; fileRef = 3215E19522EF740E0025D232 /* MenuViewModel.swift */; };
		3215E19822EF74420025D232 /* MenuItem.swift in Sources */ = {isa = PBXBuildFile; fileRef = 3215E19722EF74420025D232 /* MenuItem.swift */; };
		3215E19A22EF7A270025D232 /* ItemViewModel.swift in Sources */ = {isa = PBXBuildFile; fileRef = 3215E19922EF7A270025D232 /* ItemViewModel.swift */; };
		3215E19C22F0AA940025D232 /* DummyData.swift in Sources */ = {isa = PBXBuildFile; fileRef = 3215E19B22F0AA940025D232 /* DummyData.swift */; };
		3215E19F22F0AC620025D232 /* MenuCollectionViewCell.swift in Sources */ = {isa = PBXBuildFile; fileRef = 3215E19D22F0AC620025D232 /* MenuCollectionViewCell.swift */; };
		3215E1A022F0AC620025D232 /* MenuCollectionViewCell.xib in Resources */ = {isa = PBXBuildFile; fileRef = 3215E19E22F0AC620025D232 /* MenuCollectionViewCell.xib */; };
		32212BED22F34192008684BA /* DatabaseManager.swift in Sources */ = {isa = PBXBuildFile; fileRef = 32212BEC22F34192008684BA /* DatabaseManager.swift */; };
		32212BEF22F341CA008684BA /* DocumentsManager.swift in Sources */ = {isa = PBXBuildFile; fileRef = 32212BEE22F341CA008684BA /* DocumentsManager.swift */; };
		32212BF522F44545008684BA /* KGFonts-TOU.txt in Resources */ = {isa = PBXBuildFile; fileRef = 32212BF322F44545008684BA /* KGFonts-TOU.txt */; };
		32212BF622F44545008684BA /* KGColdCoffee.ttf in Resources */ = {isa = PBXBuildFile; fileRef = 32212BF422F44545008684BA /* KGColdCoffee.ttf */; };
		32212BF922F44FF1008684BA /* App+Extension.swift in Sources */ = {isa = PBXBuildFile; fileRef = 32212BF822F44FF1008684BA /* App+Extension.swift */; };
		32212BFB22F45091008684BA /* UIConfiguration.swift in Sources */ = {isa = PBXBuildFile; fileRef = 32212BFA22F45091008684BA /* UIConfiguration.swift */; };
		327C8A7C23056CE100E45940 /* CoreDataStack.swift in Sources */ = {isa = PBXBuildFile; fileRef = 327C8A7B23056CE100E45940 /* CoreDataStack.swift */; };
		327C8A89230571A400E45940 /* Word+CoreDataClass.swift in Sources */ = {isa = PBXBuildFile; fileRef = 327C8A85230571A400E45940 /* Word+CoreDataClass.swift */; };
		327C8A8A230571A400E45940 /* Word+CoreDataProperties.swift in Sources */ = {isa = PBXBuildFile; fileRef = 327C8A86230571A400E45940 /* Word+CoreDataProperties.swift */; };
		327C8A8B230571A400E45940 /* Category+CoreDataClass.swift in Sources */ = {isa = PBXBuildFile; fileRef = 327C8A87230571A400E45940 /* Category+CoreDataClass.swift */; };
		327C8A8C230571A400E45940 /* Category+CoreDataProperties.swift in Sources */ = {isa = PBXBuildFile; fileRef = 327C8A88230571A400E45940 /* Category+CoreDataProperties.swift */; };
/* End PBXBuildFile section */

/* Begin PBXFileReference section */
		3215E17022EF58920025D232 /* EasyLearn.app */ = {isa = PBXFileReference; explicitFileType = wrapper.application; includeInIndex = 0; path = EasyLearn.app; sourceTree = BUILT_PRODUCTS_DIR; };
		3215E17322EF58920025D232 /* AppDelegate.swift */ = {isa = PBXFileReference; lastKnownFileType = sourcecode.swift; path = AppDelegate.swift; sourceTree = "<group>"; };
		3215E17B22EF58920025D232 /* EasyLearn.xcdatamodel */ = {isa = PBXFileReference; lastKnownFileType = wrapper.xcdatamodel; path = EasyLearn.xcdatamodel; sourceTree = "<group>"; };
		3215E17D22EF58940025D232 /* Assets.xcassets */ = {isa = PBXFileReference; lastKnownFileType = folder.assetcatalog; path = Assets.xcassets; sourceTree = "<group>"; };
		3215E18022EF58940025D232 /* Base */ = {isa = PBXFileReference; lastKnownFileType = file.storyboard; name = Base; path = Base.lproj/LaunchScreen.storyboard; sourceTree = "<group>"; };
		3215E18222EF58940025D232 /* Info.plist */ = {isa = PBXFileReference; lastKnownFileType = text.plist.xml; path = Info.plist; sourceTree = "<group>"; };
		3215E18C22EF5FA10025D232 /* MenuViewController.swift */ = {isa = PBXFileReference; lastKnownFileType = sourcecode.swift; path = MenuViewController.swift; sourceTree = "<group>"; };
		3215E18D22EF5FA10025D232 /* MenuViewController.xib */ = {isa = PBXFileReference; lastKnownFileType = file.xib; path = MenuViewController.xib; sourceTree = "<group>"; };
		3215E19222EF6F8E0025D232 /* MenuViewController+Extension.swift */ = {isa = PBXFileReference; lastKnownFileType = sourcecode.swift; path = "MenuViewController+Extension.swift"; sourceTree = "<group>"; };
		3215E19522EF740E0025D232 /* MenuViewModel.swift */ = {isa = PBXFileReference; lastKnownFileType = sourcecode.swift; path = MenuViewModel.swift; sourceTree = "<group>"; };
		3215E19722EF74420025D232 /* MenuItem.swift */ = {isa = PBXFileReference; lastKnownFileType = sourcecode.swift; path = MenuItem.swift; sourceTree = "<group>"; };
		3215E19922EF7A270025D232 /* ItemViewModel.swift */ = {isa = PBXFileReference; lastKnownFileType = sourcecode.swift; path = ItemViewModel.swift; sourceTree = "<group>"; };
		3215E19B22F0AA940025D232 /* DummyData.swift */ = {isa = PBXFileReference; lastKnownFileType = sourcecode.swift; path = DummyData.swift; sourceTree = "<group>"; };
		3215E19D22F0AC620025D232 /* MenuCollectionViewCell.swift */ = {isa = PBXFileReference; lastKnownFileType = sourcecode.swift; path = MenuCollectionViewCell.swift; sourceTree = "<group>"; };
		3215E19E22F0AC620025D232 /* MenuCollectionViewCell.xib */ = {isa = PBXFileReference; lastKnownFileType = file.xib; path = MenuCollectionViewCell.xib; sourceTree = "<group>"; };
		32212BEC22F34192008684BA /* DatabaseManager.swift */ = {isa = PBXFileReference; lastKnownFileType = sourcecode.swift; path = DatabaseManager.swift; sourceTree = "<group>"; };
		32212BEE22F341CA008684BA /* DocumentsManager.swift */ = {isa = PBXFileReference; lastKnownFileType = sourcecode.swift; path = DocumentsManager.swift; sourceTree = "<group>"; };
		32212BF322F44545008684BA /* KGFonts-TOU.txt */ = {isa = PBXFileReference; fileEncoding = 4; lastKnownFileType = text; path = "KGFonts-TOU.txt"; sourceTree = "<group>"; };
		32212BF422F44545008684BA /* KGColdCoffee.ttf */ = {isa = PBXFileReference; lastKnownFileType = file; path = KGColdCoffee.ttf; sourceTree = "<group>"; };
		32212BF822F44FF1008684BA /* App+Extension.swift */ = {isa = PBXFileReference; lastKnownFileType = sourcecode.swift; path = "App+Extension.swift"; sourceTree = "<group>"; };
		32212BFA22F45091008684BA /* UIConfiguration.swift */ = {isa = PBXFileReference; lastKnownFileType = sourcecode.swift; path = UIConfiguration.swift; sourceTree = "<group>"; };
		327C8A7B23056CE100E45940 /* CoreDataStack.swift */ = {isa = PBXFileReference; lastKnownFileType = sourcecode.swift; path = CoreDataStack.swift; sourceTree = "<group>"; };
		327C8A85230571A400E45940 /* Word+CoreDataClass.swift */ = {isa = PBXFileReference; lastKnownFileType = sourcecode.swift; path = "Word+CoreDataClass.swift"; sourceTree = "<group>"; };
		327C8A86230571A400E45940 /* Word+CoreDataProperties.swift */ = {isa = PBXFileReference; lastKnownFileType = sourcecode.swift; path = "Word+CoreDataProperties.swift"; sourceTree = "<group>"; };
		327C8A87230571A400E45940 /* Category+CoreDataClass.swift */ = {isa = PBXFileReference; lastKnownFileType = sourcecode.swift; path = "Category+CoreDataClass.swift"; sourceTree = "<group>"; };
		327C8A88230571A400E45940 /* Category+CoreDataProperties.swift */ = {isa = PBXFileReference; lastKnownFileType = sourcecode.swift; path = "Category+CoreDataProperties.swift"; sourceTree = "<group>"; };
/* End PBXFileReference section */

/* Begin PBXFrameworksBuildPhase section */
		3215E16D22EF58910025D232 /* Frameworks */ = {
			isa = PBXFrameworksBuildPhase;
			buildActionMask = 2147483647;
			files = (
			);
			runOnlyForDeploymentPostprocessing = 0;
		};
/* End PBXFrameworksBuildPhase section */

/* Begin PBXGroup section */
		3215E16722EF58910025D232 = {
			isa = PBXGroup;
			children = (
				3215E17222EF58920025D232 /* EasyLearn */,
				3215E17122EF58920025D232 /* Products */,
			);
			sourceTree = "<group>";
		};
		3215E17122EF58920025D232 /* Products */ = {
			isa = PBXGroup;
			children = (
				3215E17022EF58920025D232 /* EasyLearn.app */,
			);
			name = Products;
			sourceTree = "<group>";
		};
		3215E17222EF58920025D232 /* EasyLearn */ = {
			isa = PBXGroup;
			children = (
				32212BF722F44EF6008684BA /* Application */,
				3215E17D22EF58940025D232 /* Assets.xcassets */,
				3215E18B22EF5F6D0025D232 /* Database */,
				3215E17A22EF58920025D232 /* EasyLearn.xcdatamodeld */,
				32212BF122F444D2008684BA /* Fonts */,
				3215E18222EF58940025D232 /* Info.plist */,
				3215E17F22EF58940025D232 /* LaunchScreen.storyboard */,
				3215E18822EF5AB90025D232 /* Model */,
				3215E18922EF5AC00025D232 /* View */,
				3215E18A22EF5AC40025D232 /* ViewModel */,
			);
			path = EasyLearn;
			sourceTree = "<group>";
		};
		3215E18822EF5AB90025D232 /* Model */ = {
			isa = PBXGroup;
			children = (
				3215E19722EF74420025D232 /* MenuItem.swift */,
			);
			path = Model;
			sourceTree = "<group>";
		};
		3215E18922EF5AC00025D232 /* View */ = {
			isa = PBXGroup;
			children = (
				3215E19022EF5FA80025D232 /* Menu */,
			);
			path = View;
			sourceTree = "<group>";
		};
		3215E18A22EF5AC40025D232 /* ViewModel */ = {
			isa = PBXGroup;
			children = (
				3215E19522EF740E0025D232 /* MenuViewModel.swift */,
				3215E19922EF7A270025D232 /* ItemViewModel.swift */,
			);
			path = ViewModel;
			sourceTree = "<group>";
		};
		3215E18B22EF5F6D0025D232 /* Database */ = {
			isa = PBXGroup;
			children = (
				327C8A8D230571B400E45940 /* CoreData */,
				3215E19B22F0AA940025D232 /* DummyData.swift */,
				32212BEC22F34192008684BA /* DatabaseManager.swift */,
				32212BEE22F341CA008684BA /* DocumentsManager.swift */,
			);
			path = Database;
			sourceTree = "<group>";
		};
		3215E19022EF5FA80025D232 /* Menu */ = {
			isa = PBXGroup;
			children = (
				3215E19422EF70EE0025D232 /* UIKit */,
				3215E19122EF6F760025D232 /* Extension */,
				3215E18C22EF5FA10025D232 /* MenuViewController.swift */,
			);
			path = Menu;
			sourceTree = "<group>";
		};
		3215E19122EF6F760025D232 /* Extension */ = {
			isa = PBXGroup;
			children = (
				3215E19222EF6F8E0025D232 /* MenuViewController+Extension.swift */,
			);
			path = Extension;
			sourceTree = "<group>";
		};
		3215E19422EF70EE0025D232 /* UIKit */ = {
			isa = PBXGroup;
			children = (
				3215E18D22EF5FA10025D232 /* MenuViewController.xib */,
				3215E19D22F0AC620025D232 /* MenuCollectionViewCell.swift */,
				3215E19E22F0AC620025D232 /* MenuCollectionViewCell.xib */,
			);
			path = UIKit;
			sourceTree = "<group>";
		};
		32212BF122F444D2008684BA /* Fonts */ = {
			isa = PBXGroup;
			children = (
				32212BF222F44545008684BA /* kimberly-geswein_kg-cold-coffee */,
			);
			path = Fonts;
			sourceTree = "<group>";
		};
		32212BF222F44545008684BA /* kimberly-geswein_kg-cold-coffee */ = {
			isa = PBXGroup;
			children = (
				32212BF322F44545008684BA /* KGFonts-TOU.txt */,
				32212BF422F44545008684BA /* KGColdCoffee.ttf */,
			);
			path = "kimberly-geswein_kg-cold-coffee";
			sourceTree = "<group>";
		};
		32212BF722F44EF6008684BA /* Application */ = {
			isa = PBXGroup;
			children = (
				3215E17322EF58920025D232 /* AppDelegate.swift */,
				32212BF822F44FF1008684BA /* App+Extension.swift */,
				32212BFA22F45091008684BA /* UIConfiguration.swift */,
			);
			path = Application;
			sourceTree = "<group>";
		};
		327C8A8D230571B400E45940 /* CoreData */ = {
			isa = PBXGroup;
			children = (
				327C8A7B23056CE100E45940 /* CoreDataStack.swift */,
				327C8A8E230571C500E45940 /* ObjectsSubclasses */,
			);
			path = CoreData;
			sourceTree = "<group>";
		};
		327C8A8E230571C500E45940 /* ObjectsSubclasses */ = {
			isa = PBXGroup;
			children = (
				327C8A85230571A400E45940 /* Word+CoreDataClass.swift */,
				327C8A86230571A400E45940 /* Word+CoreDataProperties.swift */,
				327C8A87230571A400E45940 /* Category+CoreDataClass.swift */,
				327C8A88230571A400E45940 /* Category+CoreDataProperties.swift */,
			);
			path = ObjectsSubclasses;
			sourceTree = "<group>";
		};
/* End PBXGroup section */

/* Begin PBXNativeTarget section */
		3215E16F22EF58910025D232 /* EasyLearn */ = {
			isa = PBXNativeTarget;
			buildConfigurationList = 3215E18522EF58940025D232 /* Build configuration list for PBXNativeTarget "EasyLearn" */;
			buildPhases = (
				3215E16C22EF58910025D232 /* Sources */,
				3215E16D22EF58910025D232 /* Frameworks */,
				3215E16E22EF58910025D232 /* Resources */,
			);
			buildRules = (
			);
			dependencies = (
			);
			name = EasyLearn;
			productName = EasyLearn;
			productReference = 3215E17022EF58920025D232 /* EasyLearn.app */;
			productType = "com.apple.product-type.application";
		};
/* End PBXNativeTarget section */

/* Begin PBXProject section */
		3215E16822EF58910025D232 /* Project object */ = {
			isa = PBXProject;
			attributes = {
				LastSwiftUpdateCheck = 1020;
				LastUpgradeCheck = 1020;
				ORGANIZATIONNAME = "Levchuk Misha";
				TargetAttributes = {
					3215E16F22EF58910025D232 = {
						CreatedOnToolsVersion = 10.2.1;
					};
				};
			};
			buildConfigurationList = 3215E16B22EF58910025D232 /* Build configuration list for PBXProject "EasyLearn" */;
			compatibilityVersion = "Xcode 9.3";
			developmentRegion = en;
			hasScannedForEncodings = 0;
			knownRegions = (
				en,
				Base,
			);
			mainGroup = 3215E16722EF58910025D232;
			productRefGroup = 3215E17122EF58920025D232 /* Products */;
			projectDirPath = "";
			projectRoot = "";
			targets = (
				3215E16F22EF58910025D232 /* EasyLearn */,
			);
		};
/* End PBXProject section */

/* Begin PBXResourcesBuildPhase section */
		3215E16E22EF58910025D232 /* Resources */ = {
			isa = PBXResourcesBuildPhase;
			buildActionMask = 2147483647;
			files = (
				3215E18122EF58940025D232 /* LaunchScreen.storyboard in Resources */,
				3215E18F22EF5FA10025D232 /* MenuViewController.xib in Resources */,
				32212BF622F44545008684BA /* KGColdCoffee.ttf in Resources */,
				3215E17E22EF58940025D232 /* Assets.xcassets in Resources */,
				32212BF522F44545008684BA /* KGFonts-TOU.txt in Resources */,
				3215E1A022F0AC620025D232 /* MenuCollectionViewCell.xib in Resources */,
			);
			runOnlyForDeploymentPostprocessing = 0;
		};
/* End PBXResourcesBuildPhase section */

/* Begin PBXSourcesBuildPhase section */
		3215E16C22EF58910025D232 /* Sources */ = {
			isa = PBXSourcesBuildPhase;
			buildActionMask = 2147483647;
			files = (
				3215E19C22F0AA940025D232 /* DummyData.swift in Sources */,
				327C8A8C230571A400E45940 /* Category+CoreDataProperties.swift in Sources */,
				3215E17422EF58920025D232 /* AppDelegate.swift in Sources */,
				327C8A8B230571A400E45940 /* Category+CoreDataClass.swift in Sources */,
				32212BED22F34192008684BA /* DatabaseManager.swift in Sources */,
				32212BF922F44FF1008684BA /* App+Extension.swift in Sources */,
				3215E19F22F0AC620025D232 /* MenuCollectionViewCell.swift in Sources */,
				3215E18E22EF5FA10025D232 /* MenuViewController.swift in Sources */,
				3215E17C22EF58920025D232 /* EasyLearn.xcdatamodeld in Sources */,
				327C8A7C23056CE100E45940 /* CoreDataStack.swift in Sources */,
				32212BEF22F341CA008684BA /* DocumentsManager.swift in Sources */,
				3215E19A22EF7A270025D232 /* ItemViewModel.swift in Sources */,
				3215E19822EF74420025D232 /* MenuItem.swift in Sources */,
				327C8A89230571A400E45940 /* Word+CoreDataClass.swift in Sources */,
				3215E19622EF740E0025D232 /* MenuViewModel.swift in Sources */,
				32212BFB22F45091008684BA /* UIConfiguration.swift in Sources */,
				3215E19322EF6F8E0025D232 /* MenuViewController+Extension.swift in Sources */,
				327C8A8A230571A400E45940 /* Word+CoreDataProperties.swift in Sources */,
			);
			runOnlyForDeploymentPostprocessing = 0;
		};
/* End PBXSourcesBuildPhase section */

/* Begin PBXVariantGroup section */
		3215E17F22EF58940025D232 /* LaunchScreen.storyboard */ = {
			isa = PBXVariantGroup;
			children = (
				3215E18022EF58940025D232 /* Base */,
			);
			name = LaunchScreen.storyboard;
			sourceTree = "<group>";
		};
/* End PBXVariantGroup section */

/* Begin XCBuildConfiguration section */
		3215E18322EF58940025D232 /* Debug */ = {
			isa = XCBuildConfiguration;
			buildSettings = {
				ALWAYS_SEARCH_USER_PATHS = NO;
				CLANG_ANALYZER_NONNULL = YES;
				CLANG_ANALYZER_NUMBER_OBJECT_CONVERSION = YES_AGGRESSIVE;
				CLANG_CXX_LANGUAGE_STANDARD = "gnu++14";
				CLANG_CXX_LIBRARY = "libc++";
				CLANG_ENABLE_MODULES = YES;
				CLANG_ENABLE_OBJC_ARC = YES;
				CLANG_ENABLE_OBJC_WEAK = YES;
				CLANG_WARN_BLOCK_CAPTURE_AUTORELEASING = YES;
				CLANG_WARN_BOOL_CONVERSION = YES;
				CLANG_WARN_COMMA = YES;
				CLANG_WARN_CONSTANT_CONVERSION = YES;
				CLANG_WARN_DEPRECATED_OBJC_IMPLEMENTATIONS = YES;
				CLANG_WARN_DIRECT_OBJC_ISA_USAGE = YES_ERROR;
				CLANG_WARN_DOCUMENTATION_COMMENTS = YES;
				CLANG_WARN_EMPTY_BODY = YES;
				CLANG_WARN_ENUM_CONVERSION = YES;
				CLANG_WARN_INFINITE_RECURSION = YES;
				CLANG_WARN_INT_CONVERSION = YES;
				CLANG_WARN_NON_LITERAL_NULL_CONVERSION = YES;
				CLANG_WARN_OBJC_IMPLICIT_RETAIN_SELF = YES;
				CLANG_WARN_OBJC_LITERAL_CONVERSION = YES;
				CLANG_WARN_OBJC_ROOT_CLASS = YES_ERROR;
				CLANG_WARN_RANGE_LOOP_ANALYSIS = YES;
				CLANG_WARN_STRICT_PROTOTYPES = YES;
				CLANG_WARN_SUSPICIOUS_MOVE = YES;
				CLANG_WARN_UNGUARDED_AVAILABILITY = YES_AGGRESSIVE;
				CLANG_WARN_UNREACHABLE_CODE = YES;
				CLANG_WARN__DUPLICATE_METHOD_MATCH = YES;
				CODE_SIGN_IDENTITY = "iPhone Developer";
				COPY_PHASE_STRIP = NO;
				DEBUG_INFORMATION_FORMAT = dwarf;
				ENABLE_STRICT_OBJC_MSGSEND = YES;
				ENABLE_TESTABILITY = YES;
				GCC_C_LANGUAGE_STANDARD = gnu11;
				GCC_DYNAMIC_NO_PIC = NO;
				GCC_NO_COMMON_BLOCKS = YES;
				GCC_OPTIMIZATION_LEVEL = 0;
				GCC_PREPROCESSOR_DEFINITIONS = (
					"DEBUG=1",
					"$(inherited)",
				);
				GCC_WARN_64_TO_32_BIT_CONVERSION = YES;
				GCC_WARN_ABOUT_RETURN_TYPE = YES_ERROR;
				GCC_WARN_UNDECLARED_SELECTOR = YES;
				GCC_WARN_UNINITIALIZED_AUTOS = YES_AGGRESSIVE;
				GCC_WARN_UNUSED_FUNCTION = YES;
				GCC_WARN_UNUSED_VARIABLE = YES;
				IPHONEOS_DEPLOYMENT_TARGET = 12.2;
				MTL_ENABLE_DEBUG_INFO = INCLUDE_SOURCE;
				MTL_FAST_MATH = YES;
				ONLY_ACTIVE_ARCH = YES;
				SDKROOT = iphoneos;
				SWIFT_ACTIVE_COMPILATION_CONDITIONS = DEBUG;
				SWIFT_OPTIMIZATION_LEVEL = "-Onone";
			};
			name = Debug;
		};
		3215E18422EF58940025D232 /* Release */ = {
			isa = XCBuildConfiguration;
			buildSettings = {
				ALWAYS_SEARCH_USER_PATHS = NO;
				CLANG_ANALYZER_NONNULL = YES;
				CLANG_ANALYZER_NUMBER_OBJECT_CONVERSION = YES_AGGRESSIVE;
				CLANG_CXX_LANGUAGE_STANDARD = "gnu++14";
				CLANG_CXX_LIBRARY = "libc++";
				CLANG_ENABLE_MODULES = YES;
				CLANG_ENABLE_OBJC_ARC = YES;
				CLANG_ENABLE_OBJC_WEAK = YES;
				CLANG_WARN_BLOCK_CAPTURE_AUTORELEASING = YES;
				CLANG_WARN_BOOL_CONVERSION = YES;
				CLANG_WARN_COMMA = YES;
				CLANG_WARN_CONSTANT_CONVERSION = YES;
				CLANG_WARN_DEPRECATED_OBJC_IMPLEMENTATIONS = YES;
				CLANG_WARN_DIRECT_OBJC_ISA_USAGE = YES_ERROR;
				CLANG_WARN_DOCUMENTATION_COMMENTS = YES;
				CLANG_WARN_EMPTY_BODY = YES;
				CLANG_WARN_ENUM_CONVERSION = YES;
				CLANG_WARN_INFINITE_RECURSION = YES;
				CLANG_WARN_INT_CONVERSION = YES;
				CLANG_WARN_NON_LITERAL_NULL_CONVERSION = YES;
				CLANG_WARN_OBJC_IMPLICIT_RETAIN_SELF = YES;
				CLANG_WARN_OBJC_LITERAL_CONVERSION = YES;
				CLANG_WARN_OBJC_ROOT_CLASS = YES_ERROR;
				CLANG_WARN_RANGE_LOOP_ANALYSIS = YES;
				CLANG_WARN_STRICT_PROTOTYPES = YES;
				CLANG_WARN_SUSPICIOUS_MOVE = YES;
				CLANG_WARN_UNGUARDED_AVAILABILITY = YES_AGGRESSIVE;
				CLANG_WARN_UNREACHABLE_CODE = YES;
				CLANG_WARN__DUPLICATE_METHOD_MATCH = YES;
				CODE_SIGN_IDENTITY = "iPhone Developer";
				COPY_PHASE_STRIP = NO;
				DEBUG_INFORMATION_FORMAT = "dwarf-with-dsym";
				ENABLE_NS_ASSERTIONS = NO;
				ENABLE_STRICT_OBJC_MSGSEND = YES;
				GCC_C_LANGUAGE_STANDARD = gnu11;
				GCC_NO_COMMON_BLOCKS = YES;
				GCC_WARN_64_TO_32_BIT_CONVERSION = YES;
				GCC_WARN_ABOUT_RETURN_TYPE = YES_ERROR;
				GCC_WARN_UNDECLARED_SELECTOR = YES;
				GCC_WARN_UNINITIALIZED_AUTOS = YES_AGGRESSIVE;
				GCC_WARN_UNUSED_FUNCTION = YES;
				GCC_WARN_UNUSED_VARIABLE = YES;
				IPHONEOS_DEPLOYMENT_TARGET = 12.2;
				MTL_ENABLE_DEBUG_INFO = NO;
				MTL_FAST_MATH = YES;
				SDKROOT = iphoneos;
				SWIFT_COMPILATION_MODE = wholemodule;
				SWIFT_OPTIMIZATION_LEVEL = "-O";
				VALIDATE_PRODUCT = YES;
			};
			name = Release;
		};
		3215E18622EF58940025D232 /* Debug */ = {
			isa = XCBuildConfiguration;
			buildSettings = {
				ASSETCATALOG_COMPILER_APPICON_NAME = AppIcon;
				CODE_SIGN_STYLE = Automatic;
				DEVELOPMENT_TEAM = EDG9RYZ466;
				INFOPLIST_FILE = EasyLearn/Info.plist;
				LD_RUNPATH_SEARCH_PATHS = (
					"$(inherited)",
					"@executable_path/Frameworks",
				);
				PRODUCT_BUNDLE_IDENTIFIER = iX0ness.EasyLearn;
				PRODUCT_NAME = "$(TARGET_NAME)";
				SWIFT_VERSION = 5.0;
				TARGETED_DEVICE_FAMILY = "1,2";
			};
			name = Debug;
		};
		3215E18722EF58940025D232 /* Release */ = {
			isa = XCBuildConfiguration;
			buildSettings = {
				ASSETCATALOG_COMPILER_APPICON_NAME = AppIcon;
				CODE_SIGN_STYLE = Automatic;
				DEVELOPMENT_TEAM = EDG9RYZ466;
				INFOPLIST_FILE = EasyLearn/Info.plist;
				LD_RUNPATH_SEARCH_PATHS = (
					"$(inherited)",
					"@executable_path/Frameworks",
				);
				PRODUCT_BUNDLE_IDENTIFIER = iX0ness.EasyLearn;
				PRODUCT_NAME = "$(TARGET_NAME)";
				SWIFT_VERSION = 5.0;
				TARGETED_DEVICE_FAMILY = "1,2";
			};
			name = Release;
		};
/* End XCBuildConfiguration section */

/* Begin XCConfigurationList section */
		3215E16B22EF58910025D232 /* Build configuration list for PBXProject "EasyLearn" */ = {
			isa = XCConfigurationList;
			buildConfigurations = (
				3215E18322EF58940025D232 /* Debug */,
				3215E18422EF58940025D232 /* Release */,
			);
			defaultConfigurationIsVisible = 0;
			defaultConfigurationName = Release;
		};
		3215E18522EF58940025D232 /* Build configuration list for PBXNativeTarget "EasyLearn" */ = {
			isa = XCConfigurationList;
			buildConfigurations = (
				3215E18622EF58940025D232 /* Debug */,
				3215E18722EF58940025D232 /* Release */,
			);
			defaultConfigurationIsVisible = 0;
			defaultConfigurationName = Release;
		};
/* End XCConfigurationList section */

/* Begin XCVersionGroup section */
		3215E17A22EF58920025D232 /* EasyLearn.xcdatamodeld */ = {
			isa = XCVersionGroup;
			children = (
				3215E17B22EF58920025D232 /* EasyLearn.xcdatamodel */,
			);
			currentVersion = 3215E17B22EF58920025D232 /* EasyLearn.xcdatamodel */;
			path = EasyLearn.xcdatamodeld;
			sourceTree = "<group>";
			versionGroupType = wrapper.xcdatamodel;
		};
/* End XCVersionGroup section */
	};
	rootObject = 3215E16822EF58910025D232 /* Project object */;
}
